{
  "name": "quick-work",
  "version": "0.0.1",
  "lockfileVersion": 1,
  "requires": true,
  "dependencies": {
    "@types/eslint-visitor-keys": {
      "version": "1.0.0",
      "resolved": "https://registry.npm.taobao.org/@types/eslint-visitor-keys/download/@types/eslint-visitor-keys-1.0.0.tgz",
      "integrity": "sha1-HuMNeVRMqE1o1LPNsK9PIFZj3S0=",
      "dev": true
    },
    "@types/json-schema": {
      "version": "7.0.3",
      "resolved": "https://registry.npm.taobao.org/@types/json-schema/download/@types/json-schema-7.0.3.tgz",
      "integrity": "sha1-vf1p1h5GTcyBslFZwnDXWnPBpjY=",
      "dev": true
    },
    "@types/node": {
      "version": "12.7.2",
      "resolved": "https://registry.npm.taobao.org/@types/node/download/@types/node-12.7.2.tgz",
      "integrity": "sha1-xOY69eiCPOnMPws097mYwhcfDEQ=",
      "dev": true
    },
    "@typescript-eslint/eslint-plugin": {
      "version": "2.0.0",
      "resolved": "https://registry.npm.taobao.org/@typescript-eslint/eslint-plugin/download/@typescript-eslint/eslint-plugin-2.0.0.tgz",
      "integrity": "sha1-YJpdewDOIab5TX7yguup2lfKHkI=",
      "dev": true,
      "requires": {
        "@typescript-eslint/experimental-utils": "2.0.0",
        "eslint-utils": "^1.4.0",
        "functional-red-black-tree": "^1.0.1",
        "regexpp": "^2.0.1",
        "tsutils": "^3.14.0"
      }
    },
    "@typescript-eslint/experimental-utils": {
      "version": "2.0.0",
      "resolved": "https://registry.npm.taobao.org/@typescript-eslint/experimental-utils/download/@typescript-eslint/experimental-utils-2.0.0.tgz?cache=0&other_urls=https%3A%2F%2Fregistry.npm.taobao.org%2F%40typescript-eslint%2Fexperimental-utils%2Fdownload%2F%40typescript-eslint%2Fexperimental-utils-2.0.0.tgz",
      "integrity": "sha1-89KYu0ETV/NcQYTiQoCyVrYyGUk=",
      "dev": true,
      "requires": {
        "@types/json-schema": "^7.0.3",
        "@typescript-eslint/typescript-estree": "2.0.0",
        "eslint-scope": "^4.0.0"
      },
      "dependencies": {
        "eslint-scope": {
          "version": "4.0.3",
          "resolved": "https://registry.npm.taobao.org/eslint-scope/download/eslint-scope-4.0.3.tgz",
          "integrity": "sha1-ygODMxD2iJoyZHgaqC5j65z+eEg=",
          "dev": true,
          "requires": {
            "esrecurse": "^4.1.0",
            "estraverse": "^4.1.1"
          }
        }
      }
    },
    "@typescript-eslint/parser": {
      "version": "2.0.0",
      "resolved": "https://registry.npm.taobao.org/@typescript-eslint/parser/download/@typescript-eslint/parser-2.0.0.tgz",
      "integrity": "sha1-QnO7GdA0idr4NyzazLyAQuCYF48=",
      "dev": true,
      "requires": {
        "@types/eslint-visitor-keys": "^1.0.0",
        "@typescript-eslint/experimental-utils": "2.0.0",
        "@typescript-eslint/typescript-estree": "2.0.0",
        "eslint-visitor-keys": "^1.0.0"
      }
    },
    "@typescript-eslint/typescript-estree": {
      "version": "2.0.0",
      "resolved": "https://registry.npm.taobao.org/@typescript-eslint/typescript-estree/download/@typescript-eslint/typescript-estree-2.0.0.tgz",
      "integrity": "sha1-yfbA79GxFHVUDWpV3Jc8xbmmfnc=",
      "dev": true,
      "requires": {
        "lodash.unescape": "4.0.1",
        "semver": "^6.2.0"
      }
    },
    "commander": {
      "version": "3.0.0",
      "resolved": "https://registry.npm.taobao.org/commander/download/commander-3.0.0.tgz?cache=0&sync_timestamp=1565398176321&other_urls=https%3A%2F%2Fregistry.npm.taobao.org%2Fcommander%2Fdownload%2Fcommander-3.0.0.tgz",
      "integrity": "sha1-BkHqAIOMepZGJ/BM3cM2ot7d1go="
    },
    "eslint-utils": {
      "version": "1.4.0",
      "resolved": "https://registry.npm.taobao.org/eslint-utils/download/eslint-utils-1.4.0.tgz?cache=0&sync_timestamp=1563095333971&other_urls=https%3A%2F%2Fregistry.npm.taobao.org%2Feslint-utils%2Fdownload%2Feslint-utils-1.4.0.tgz",
      "integrity": "sha1-4sPI26doQl+JfPD55R/i4kFIXUw=",
      "dev": true,
      "requires": {
        "eslint-visitor-keys": "^1.0.0"
      }
    },
    "eslint-visitor-keys": {
      "version": "1.1.0",
      "resolved": "https://registry.npm.taobao.org/eslint-visitor-keys/download/eslint-visitor-keys-1.1.0.tgz?cache=0&sync_timestamp=1565705511122&other_urls=https%3A%2F%2Fregistry.npm.taobao.org%2Feslint-visitor-keys%2Fdownload%2Feslint-visitor-keys-1.1.0.tgz",
      "integrity": "sha1-4qgs6oT/JGrW+1f5veW0ZiFFnsI=",
      "dev": true
    },
    "esrecurse": {
      "version": "4.2.1",
      "resolved": "https://registry.npm.taobao.org/esrecurse/download/esrecurse-4.2.1.tgz",
      "integrity": "sha1-AHo7n9vCs7uH5IeeoZyS/b05Qs8=",
      "dev": true,
      "requires": {
        "estraverse": "^4.1.0"
      }
    },
    "estraverse": {
      "version": "4.3.0",
      "resolved": "https://registry.npm.taobao.org/estraverse/download/estraverse-4.3.0.tgz",
      "integrity": "sha1-OYrT88WiSUi+dyXoPRGn3ijNvR0=",
      "dev": true
    },
    "functional-red-black-tree": {
      "version": "1.0.1",
      "resolved": "https://registry.npm.taobao.org/functional-red-black-tree/download/functional-red-black-tree-1.0.1.tgz",
      "integrity": "sha1-GwqzvVU7Kg1jmdKcDj6gslIHgyc=",
      "dev": true
    },
    "lodash.unescape": {
      "version": "4.0.1",
      "resolved": "https://registry.npm.taobao.org/lodash.unescape/download/lodash.unescape-4.0.1.tgz",
      "integrity": "sha1-vyJJiGzlFM2hEvrpIYzcBlIR/Jw=",
      "dev": true
    },
    "regexpp": {
      "version": "2.0.1",
      "resolved": "https://registry.npm.taobao.org/regexpp/download/regexpp-2.0.1.tgz",
      "integrity": "sha1-jRnTHPYySCtYkEn4KB+T28uk0H8=",
      "dev": true
    },
    "semver": {
      "version": "6.3.0",
      "resolved": "https://registry.npm.taobao.org/semver/download/semver-6.3.0.tgz",
      "integrity": "sha1-7gpkyK9ejO6mdoexM3YeG+y9HT0=",
      "dev": true
    },
    "tslib": {
      "version": "1.10.0",
      "resolved": "https://registry.npm.taobao.org/tslib/download/tslib-1.10.0.tgz",
      "integrity": "sha1-w8GflZc/sKYpc/sJ2Q2WHuQ+XIo=",
      "dev": true
    },
    "tsutils": {
      "version": "3.17.1",
      "resolved": "https://registry.npm.taobao.org/tsutils/download/tsutils-3.17.1.tgz",
      "integrity": "sha1-7XGZF/EcoN7lhicrKsSeAVot11k=",
      "dev": true,
      "requires": {
        "tslib": "^1.8.1"
      }
    },
    "typescript": {
      "version": "3.5.3",
      "resolved": "https://registry.npm.taobao.org/typescript/download/typescript-3.5.3.tgz",
      "integrity": "sha1-yDD2V/k/HqhGgZ6SkJL1/lmD6Xc=",
      "dev": true
    }
  }
}
